
Microsoft Visual Studio Solution File, Format Version 12.00
# Visual Studio Version 16
VisualStudioVersion = 16.0.30128.74
MinimumVisualStudioVersion = 10.0.40219.1
Project("{2150E333-8FDC-42A3-9474-1A3956D46DE8}") = "tests", "tests", "{14293EF7-36E1-4EFF-8123-F4CA5A9136EE}"
EndProject
Project("{2150E333-8FDC-42A3-9474-1A3956D46DE8}") = "src", "src", "{A8F96EC4-FD37-4787-AE65-84223962BC85}"
EndProject
Project("{9A19103F-16F7-4668-BE54-9A1E7A4F7556}") = "Kubera.General", "src\Kubera.General\Kubera.General.csproj", "{B98DF6D0-D972-41AE-90FF-8082B7369BFD}"
EndProject
Project("{9A19103F-16F7-4668-BE54-9A1E7A4F7556}") = "Kubera.Data", "src\Kubera.Data\Kubera.Data.csproj", "{C3DCA42B-E835-4DDE-B8B3-762472F1B9B5}"
EndProject
Project("{9A19103F-16F7-4668-BE54-9A1E7A4F7556}") = "Kubera.Business", "src\Kubera.Business\Kubera.Business.csproj", "{45B511D2-7750-45F4-B2C0-23C13B32FF8C}"
EndProject
Project("{2150E333-8FDC-42A3-9474-1A3956D46DE8}") = "Presentation", "Presentation", "{63BA477D-54AA-4EA7-B4ED-DEB38671F839}"
EndProject
Project("{2150E333-8FDC-42A3-9474-1A3956D46DE8}") = "Infrastructure", "Infrastructure", "{B0A9901E-2D4C-471D-AF31-6AA59912F4A6}"
EndProject
Project("{9A19103F-16F7-4668-BE54-9A1E7A4F7556}") = "Kubera.App", "src\Kubera.App\Kubera.App.csproj", "{722C92A8-9C35-4946-AB15-8C70EC16199A}"
EndProject
Project("{9A19103F-16F7-4668-BE54-9A1E7A4F7556}") = "Kubera.App.IntegrationTests", "tests\Kubera.App.IntegrationTests\Kubera.App.IntegrationTests.csproj", "{62C2F8D7-5D40-450E-A665-3AE1F832DBCB}"
EndProject
Global
	GlobalSection(SolutionConfigurationPlatforms) = preSolution
		Debug|Any CPU = Debug|Any CPU
		Release|Any CPU = Release|Any CPU
	EndGlobalSection
	GlobalSection(ProjectConfigurationPlatforms) = postSolution
		{B98DF6D0-D972-41AE-90FF-8082B7369BFD}.Debug|Any CPU.ActiveCfg = Debug|Any CPU
		{B98DF6D0-D972-41AE-90FF-8082B7369BFD}.Debug|Any CPU.Build.0 = Debug|Any CPU
		{B98DF6D0-D972-41AE-90FF-8082B7369BFD}.Release|Any CPU.ActiveCfg = Release|Any CPU
		{B98DF6D0-D972-41AE-90FF-8082B7369BFD}.Release|Any CPU.Build.0 = Release|Any CPU
		{C3DCA42B-E835-4DDE-B8B3-762472F1B9B5}.Debug|Any CPU.ActiveCfg = Debug|Any CPU
		{C3DCA42B-E835-4DDE-B8B3-762472F1B9B5}.Debug|Any CPU.Build.0 = Debug|Any CPU
		{C3DCA42B-E835-4DDE-B8B3-762472F1B9B5}.Release|Any CPU.ActiveCfg = Release|Any CPU
		{C3DCA42B-E835-4DDE-B8B3-762472F1B9B5}.Release|Any CPU.Build.0 = Release|Any CPU
		{45B511D2-7750-45F4-B2C0-23C13B32FF8C}.Debug|Any CPU.ActiveCfg = Debug|Any CPU
		{45B511D2-7750-45F4-B2C0-23C13B32FF8C}.Debug|Any CPU.Build.0 = Debug|Any CPU
		{45B511D2-7750-45F4-B2C0-23C13B32FF8C}.Release|Any CPU.ActiveCfg = Release|Any CPU
		{45B511D2-7750-45F4-B2C0-23C13B32FF8C}.Release|Any CPU.Build.0 = Release|Any CPU
		{722C92A8-9C35-4946-AB15-8C70EC16199A}.Debug|Any CPU.ActiveCfg = Debug|Any CPU
		{722C92A8-9C35-4946-AB15-8C70EC16199A}.Debug|Any CPU.Build.0 = Debug|Any CPU
		{722C92A8-9C35-4946-AB15-8C70EC16199A}.Release|Any CPU.ActiveCfg = Release|Any CPU
		{722C92A8-9C35-4946-AB15-8C70EC16199A}.Release|Any CPU.Build.0 = Release|Any CPU
		{62C2F8D7-5D40-450E-A665-3AE1F832DBCB}.Debug|Any CPU.ActiveCfg = Debug|Any CPU
		{62C2F8D7-5D40-450E-A665-3AE1F832DBCB}.Debug|Any CPU.Build.0 = Debug|Any CPU
		{62C2F8D7-5D40-450E-A665-3AE1F832DBCB}.Release|Any CPU.ActiveCfg = Release|Any CPU
		{62C2F8D7-5D40-450E-A665-3AE1F832DBCB}.Release|Any CPU.Build.0 = Release|Any CPU
	EndGlobalSection
	GlobalSection(SolutionProperties) = preSolution
		HideSolutionNode = FALSE
	EndGlobalSection
	GlobalSection(NestedProjects) = preSolution
		{B98DF6D0-D972-41AE-90FF-8082B7369BFD} = {B0A9901E-2D4C-471D-AF31-6AA59912F4A6}
		{C3DCA42B-E835-4DDE-B8B3-762472F1B9B5} = {B0A9901E-2D4C-471D-AF31-6AA59912F4A6}
		{45B511D2-7750-45F4-B2C0-23C13B32FF8C} = {B0A9901E-2D4C-471D-AF31-6AA59912F4A6}
		{63BA477D-54AA-4EA7-B4ED-DEB38671F839} = {A8F96EC4-FD37-4787-AE65-84223962BC85}
		{B0A9901E-2D4C-471D-AF31-6AA59912F4A6} = {A8F96EC4-FD37-4787-AE65-84223962BC85}
		{722C92A8-9C35-4946-AB15-8C70EC16199A} = {63BA477D-54AA-4EA7-B4ED-DEB38671F839}
		{62C2F8D7-5D40-450E-A665-3AE1F832DBCB} = {14293EF7-36E1-4EFF-8123-F4CA5A9136EE}
	EndGlobalSection
	GlobalSection(ExtensibilityGlobals) = postSolution
		SolutionGuid = {05EBE7AE-548C-4A7C-8E26-47A11FC7D853}
	EndGlobalSection
EndGlobal
